
Microsoft Visual Studio Solution File, Format Version 12.00
# Visual Studio Version 16
VisualStudioVersion = 16.0.29613.14
MinimumVisualStudioVersion = 10.0.40219.1
Project("{FAE04EC0-301F-11D3-BF4B-00C04F79EFBC}") = "Openline.Terra.Api", "Openline.Terra.Api\Openline.Terra.Api.csproj", "{DF5193FA-7860-47E7-9736-6E73376BCB4C}"
EndProject
Global
	GlobalSection(SolutionConfigurationPlatforms) = preSolution
		Debug|Any CPU = Debug|Any CPU
		Release|Any CPU = Release|Any CPU
	EndGlobalSection
	GlobalSection(ProjectConfigurationPlatforms) = postSolution
		{DF5193FA-7860-47E7-9736-6E73376BCB4C}.Debug|Any CPU.ActiveCfg = Debug|Any CPU
		{DF5193FA-7860-47E7-9736-6E73376BCB4C}.Debug|Any CPU.Build.0 = Debug|Any CPU
		{DF5193FA-7860-47E7-9736-6E73376BCB4C}.Release|Any CPU.ActiveCfg = Release|Any CPU
		{DF5193FA-7860-47E7-9736-6E73376BCB4C}.Release|Any CPU.Build.0 = Release|Any CPU
	EndGlobalSection
	GlobalSection(SolutionProperties) = preSolution
		HideSolutionNode = FALSE
	EndGlobalSection
	GlobalSection(ExtensibilityGlobals) = postSolution
		SolutionGuid = {6F10144F-92D4-47EA-A081-CD24FA6FFD48}
	EndGlobalSection
EndGlobal
